// !$*UTF8*$!
{
	archiveVersion = 1;
	classes = {
	};
	objectVersion = 46;
	objects = {

/* Begin PBXBuildFile section */
		18ED6BD81D6C3A82001E7A76 /* main.m in Sources */ = {isa = PBXBuildFile; fileRef = 18ED6BD71D6C3A82001E7A76 /* main.m */; };
		18ED6BDB1D6C3A82001E7A76 /* AppDelegate.m in Sources */ = {isa = PBXBuildFile; fileRef = 18ED6BDA1D6C3A82001E7A76 /* AppDelegate.m */; };
		18ED6BDE1D6C3A82001E7A76 /* ViewController.m in Sources */ = {isa = PBXBuildFile; fileRef = 18ED6BDD1D6C3A82001E7A76 /* ViewController.m */; };
		18ED6BE11D6C3A82001E7A76 /* Main.storyboard in Resources */ = {isa = PBXBuildFile; fileRef = 18ED6BDF1D6C3A82001E7A76 /* Main.storyboard */; };
		18ED6BE31D6C3A82001E7A76 /* Assets.xcassets in Resources */ = {isa = PBXBuildFile; fileRef = 18ED6BE21D6C3A82001E7A76 /* Assets.xcassets */; };
		18ED6BE61D6C3A82001E7A76 /* LaunchScreen.storyboard in Resources */ = {isa = PBXBuildFile; fileRef = 18ED6BE41D6C3A82001E7A76 /* LaunchScreen.storyboard */; };
		18ED6BF11D6C3A82001E7A76 /* ___________Tests.m in Sources */ = {isa = PBXBuildFile; fileRef = 18ED6BF01D6C3A82001E7A76 /* ___________Tests.m */; };
		18ED6BFC1D6C3A82001E7A76 /* ___________UITests.m in Sources */ = {isa = PBXBuildFile; fileRef = 18ED6BFB1D6C3A82001E7A76 /* ___________UITests.m */; };
		18ED6C0B1D6C3C81001E7A76 /* JMButton.m in Sources */ = {isa = PBXBuildFile; fileRef = 18ED6C0A1D6C3C81001E7A76 /* JMButton.m */; };
		18ED6C0E1D6C3D48001E7A76 /* JMWineCell.m in Sources */ = {isa = PBXBuildFile; fileRef = 18ED6C0D1D6C3D48001E7A76 /* JMWineCell.m */; };
		18ED6C111D6C3D52001E7A76 /* JMWine.m in Sources */ = {isa = PBXBuildFile; fileRef = 18ED6C101D6C3D52001E7A76 /* JMWine.m */; };
		18ED6C2A1D6C3D88001E7A76 /* MJDictionaryCache.m in Sources */ = {isa = PBXBuildFile; fileRef = 18ED6C141D6C3D88001E7A76 /* MJDictionaryCache.m */; };
		18ED6C2B1D6C3D88001E7A76 /* MJExtensionConst.m in Sources */ = {isa = PBXBuildFile; fileRef = 18ED6C171D6C3D88001E7A76 /* MJExtensionConst.m */; };
		18ED6C2C1D6C3D88001E7A76 /* MJFoundation.m in Sources */ = {isa = PBXBuildFile; fileRef = 18ED6C191D6C3D88001E7A76 /* MJFoundation.m */; };
		18ED6C2D1D6C3D88001E7A76 /* MJProperty.m in Sources */ = {isa = PBXBuildFile; fileRef = 18ED6C1B1D6C3D88001E7A76 /* MJProperty.m */; };
		18ED6C2E1D6C3D88001E7A76 /* MJPropertyKey.m in Sources */ = {isa = PBXBuildFile; fileRef = 18ED6C1D1D6C3D88001E7A76 /* MJPropertyKey.m */; };
		18ED6C2F1D6C3D88001E7A76 /* MJPropertyType.m in Sources */ = {isa = PBXBuildFile; fileRef = 18ED6C1F1D6C3D88001E7A76 /* MJPropertyType.m */; };
		18ED6C301D6C3D88001E7A76 /* NSObject+MJClass.m in Sources */ = {isa = PBXBuildFile; fileRef = 18ED6C211D6C3D88001E7A76 /* NSObject+MJClass.m */; };
		18ED6C311D6C3D88001E7A76 /* NSObject+MJCoding.m in Sources */ = {isa = PBXBuildFile; fileRef = 18ED6C231D6C3D88001E7A76 /* NSObject+MJCoding.m */; };
		18ED6C321D6C3D88001E7A76 /* NSObject+MJKeyValue.m in Sources */ = {isa = PBXBuildFile; fileRef = 18ED6C251D6C3D88001E7A76 /* NSObject+MJKeyValue.m */; };
		18ED6C331D6C3D88001E7A76 /* NSObject+MJProperty.m in Sources */ = {isa = PBXBuildFile; fileRef = 18ED6C271D6C3D88001E7A76 /* NSObject+MJProperty.m */; };
		18ED6C341D6C3D88001E7A76 /* NSString+MJExtension.m in Sources */ = {isa = PBXBuildFile; fileRef = 18ED6C291D6C3D88001E7A76 /* NSString+MJExtension.m */; };
		18ED6C361D6C3D95001E7A76 /* wine.plist in Resources */ = {isa = PBXBuildFile; fileRef = 18ED6C351D6C3D95001E7A76 /* wine.plist */; };
/* End PBXBuildFile section */

/* Begin PBXContainerItemProxy section */
		18ED6BED1D6C3A82001E7A76 /* PBXContainerItemProxy */ = {
			isa = PBXContainerItemProxy;
			containerPortal = 18ED6BCB1D6C3A81001E7A76 /* Project object */;
			proxyType = 1;
			remoteGlobalIDString = 18ED6BD21D6C3A81001E7A76;
			remoteInfo = "购物车尝试(代理模式)";
		};
		18ED6BF81D6C3A82001E7A76 /* PBXContainerItemProxy */ = {
			isa = PBXContainerItemProxy;
			containerPortal = 18ED6BCB1D6C3A81001E7A76 /* Project object */;
			proxyType = 1;
			remoteGlobalIDString = 18ED6BD21D6C3A81001E7A76;
			remoteInfo = "购物车尝试(代理模式)";
		};
/* End PBXContainerItemProxy section */

/* Begin PBXFileReference section */
		18ED6BD31D6C3A81001E7A76 /* 购物车尝试(代理模式).app */ = {isa = PBXFileReference; explicitFileType = wrapper.application; includeInIndex = 0; path = "购物车尝试(代理模式).app"; sourceTree = BUILT_PRODUCTS_DIR; };
		18ED6BD71D6C3A82001E7A76 /* main.m */ = {isa = PBXFileReference; lastKnownFileType = sourcecode.c.objc; path = main.m; sourceTree = "<group>"; };
		18ED6BD91D6C3A82001E7A76 /* AppDelegate.h */ = {isa = PBXFileReference; lastKnownFileType = sourcecode.c.h; path = AppDelegate.h; sourceTree = "<group>"; };
		18ED6BDA1D6C3A82001E7A76 /* AppDelegate.m */ = {isa = PBXFileReference; lastKnownFileType = sourcecode.c.objc; path = AppDelegate.m; sourceTree = "<group>"; };
		18ED6BDC1D6C3A82001E7A76 /* ViewController.h */ = {isa = PBXFileReference; lastKnownFileType = sourcecode.c.h; path = ViewController.h; sourceTree = "<group>"; };
		18ED6BDD1D6C3A82001E7A76 /* ViewController.m */ = {isa = PBXFileReference; lastKnownFileType = sourcecode.c.objc; path = ViewController.m; sourceTree = "<group>"; };
		18ED6BE01D6C3A82001E7A76 /* Base */ = {isa = PBXFileReference; lastKnownFileType = file.storyboard; name = Base; path = Base.lproj/Main.storyboard; sourceTree = "<group>"; };
		18ED6BE21D6C3A82001E7A76 /* Assets.xcassets */ = {isa = PBXFileReference; lastKnownFileType = folder.assetcatalog; path = Assets.xcassets; sourceTree = "<group>"; };
		18ED6BE51D6C3A82001E7A76 /* Base */ = {isa = PBXFileReference; lastKnownFileType = file.storyboard; name = Base; path = Base.lproj/LaunchScreen.storyboard; sourceTree = "<group>"; };
		18ED6BE71D6C3A82001E7A76 /* Info.plist */ = {isa = PBXFileReference; lastKnownFileType = text.plist.xml; path = Info.plist; sourceTree = "<group>"; };
		18ED6BEC1D6C3A82001E7A76 /* 购物车尝试(代理模式)Tests.xctest */ = {isa = PBXFileReference; explicitFileType = wrapper.cfbundle; includeInIndex = 0; path = "购物车尝试(代理模式)Tests.xctest"; sourceTree = BUILT_PRODUCTS_DIR; };
		18ED6BF01D6C3A82001E7A76 /* ___________Tests.m */ = {isa = PBXFileReference; lastKnownFileType = sourcecode.c.objc; path = "___________Tests.m"; sourceTree = "<group>"; };
		18ED6BF21D6C3A82001E7A76 /* Info.plist */ = {isa = PBXFileReference; lastKnownFileType = text.plist.xml; path = Info.plist; sourceTree = "<group>"; };
		18ED6BF71D6C3A82001E7A76 /* 购物车尝试(代理模式)UITests.xctest */ = {isa = PBXFileReference; explicitFileType = wrapper.cfbundle; includeInIndex = 0; path = "购物车尝试(代理模式)UITests.xctest"; sourceTree = BUILT_PRODUCTS_DIR; };
		18ED6BFB1D6C3A82001E7A76 /* ___________UITests.m */ = {isa = PBXFileReference; lastKnownFileType = sourcecode.c.objc; path = "___________UITests.m"; sourceTree = "<group>"; };
		18ED6BFD1D6C3A82001E7A76 /* Info.plist */ = {isa = PBXFileReference; lastKnownFileType = text.plist.xml; path = Info.plist; sourceTree = "<group>"; };
		18ED6C091D6C3C81001E7A76 /* JMButton.h */ = {isa = PBXFileReference; fileEncoding = 4; lastKnownFileType = sourcecode.c.h; path = JMButton.h; sourceTree = "<group>"; };
		18ED6C0A1D6C3C81001E7A76 /* JMButton.m */ = {isa = PBXFileReference; fileEncoding = 4; lastKnownFileType = sourcecode.c.objc; path = JMButton.m; sourceTree = "<group>"; };
		18ED6C0C1D6C3D48001E7A76 /* JMWineCell.h */ = {isa = PBXFileReference; fileEncoding = 4; lastKnownFileType = sourcecode.c.h; path = JMWineCell.h; sourceTree = "<group>"; };
		18ED6C0D1D6C3D48001E7A76 /* JMWineCell.m */ = {isa = PBXFileReference; fileEncoding = 4; lastKnownFileType = sourcecode.c.objc; path = JMWineCell.m; sourceTree = "<group>"; };
		18ED6C0F1D6C3D52001E7A76 /* JMWine.h */ = {isa = PBXFileReference; fileEncoding = 4; lastKnownFileType = sourcecode.c.h; path = JMWine.h; sourceTree = "<group>"; };
		18ED6C101D6C3D52001E7A76 /* JMWine.m */ = {isa = PBXFileReference; fileEncoding = 4; lastKnownFileType = sourcecode.c.objc; path = JMWine.m; sourceTree = "<group>"; };
		18ED6C131D6C3D88001E7A76 /* MJDictionaryCache.h */ = {isa = PBXFileReference; fileEncoding = 4; lastKnownFileType = sourcecode.c.h; path = MJDictionaryCache.h; sourceTree = "<group>"; };
		18ED6C141D6C3D88001E7A76 /* MJDictionaryCache.m */ = {isa = PBXFileReference; fileEncoding = 4; lastKnownFileType = sourcecode.c.objc; path = MJDictionaryCache.m; sourceTree = "<group>"; };
		18ED6C151D6C3D88001E7A76 /* MJExtension.h */ = {isa = PBXFileReference; fileEncoding = 4; lastKnownFileType = sourcecode.c.h; path = MJExtension.h; sourceTree = "<group>"; };
		18ED6C161D6C3D88001E7A76 /* MJExtensionConst.h */ = {isa = PBXFileReference; fileEncoding = 4; lastKnownFileType = sourcecode.c.h; path = MJExtensionConst.h; sourceTree = "<group>"; };
		18ED6C171D6C3D88001E7A76 /* MJExtensionConst.m */ = {isa = PBXFileReference; fileEncoding = 4; lastKnownFileType = sourcecode.c.objc; path = MJExtensionConst.m; sourceTree = "<group>"; };
		18ED6C181D6C3D88001E7A76 /* MJFoundation.h */ = {isa = PBXFileReference; fileEncoding = 4; lastKnownFileType = sourcecode.c.h; path = MJFoundation.h; sourceTree = "<group>"; };
		18ED6C191D6C3D88001E7A76 /* MJFoundation.m */ = {isa = PBXFileReference; fileEncoding = 4; lastKnownFileType = sourcecode.c.objc; path = MJFoundation.m; sourceTree = "<group>"; };
		18ED6C1A1D6C3D88001E7A76 /* MJProperty.h */ = {isa = PBXFileReference; fileEncoding = 4; lastKnownFileType = sourcecode.c.h; path = MJProperty.h; sourceTree = "<group>"; };
		18ED6C1B1D6C3D88001E7A76 /* MJProperty.m */ = {isa = PBXFileReference; fileEncoding = 4; lastKnownFileType = sourcecode.c.objc; path = MJProperty.m; sourceTree = "<group>"; };
		18ED6C1C1D6C3D88001E7A76 /* MJPropertyKey.h */ = {isa = PBXFileReference; fileEncoding = 4; lastKnownFileType = sourcecode.c.h; path = MJPropertyKey.h; sourceTree = "<group>"; };
		18ED6C1D1D6C3D88001E7A76 /* MJPropertyKey.m */ = {isa = PBXFileReference; fileEncoding = 4; lastKnownFileType = sourcecode.c.objc; path = MJPropertyKey.m; sourceTree = "<group>"; };
		18ED6C1E1D6C3D88001E7A76 /* MJPropertyType.h */ = {isa = PBXFileReference; fileEncoding = 4; lastKnownFileType = sourcecode.c.h; path = MJPropertyType.h; sourceTree = "<group>"; };
		18ED6C1F1D6C3D88001E7A76 /* MJPropertyType.m */ = {isa = PBXFileReference; fileEncoding = 4; lastKnownFileType = sourcecode.c.objc; path = MJPropertyType.m; sourceTree = "<group>"; };
		18ED6C201D6C3D88001E7A76 /* NSObject+MJClass.h */ = {isa = PBXFileReference; fileEncoding = 4; lastKnownFileType = sourcecode.c.h; path = "NSObject+MJClass.h"; sourceTree = "<group>"; };
		18ED6C211D6C3D88001E7A76 /* NSObject+MJClass.m */ = {isa = PBXFileReference; fileEncoding = 4; lastKnownFileType = sourcecode.c.objc; path = "NSObject+MJClass.m"; sourceTree = "<group>"; };
		18ED6C221D6C3D88001E7A76 /* NSObject+MJCoding.h */ = {isa = PBXFileReference; fileEncoding = 4; lastKnownFileType = sourcecode.c.h; path = "NSObject+MJCoding.h"; sourceTree = "<group>"; };
		18ED6C231D6C3D88001E7A76 /* NSObject+MJCoding.m */ = {isa = PBXFileReference; fileEncoding = 4; lastKnownFileType = sourcecode.c.objc; path = "NSObject+MJCoding.m"; sourceTree = "<group>"; };
		18ED6C241D6C3D88001E7A76 /* NSObject+MJKeyValue.h */ = {isa = PBXFileReference; fileEncoding = 4; lastKnownFileType = sourcecode.c.h; path = "NSObject+MJKeyValue.h"; sourceTree = "<group>"; };
		18ED6C251D6C3D88001E7A76 /* NSObject+MJKeyValue.m */ = {isa = PBXFileReference; fileEncoding = 4; lastKnownFileType = sourcecode.c.objc; path = "NSObject+MJKeyValue.m"; sourceTree = "<group>"; };
		18ED6C261D6C3D88001E7A76 /* NSObject+MJProperty.h */ = {isa = PBXFileReference; fileEncoding = 4; lastKnownFileType = sourcecode.c.h; path = "NSObject+MJProperty.h"; sourceTree = "<group>"; };
		18ED6C271D6C3D88001E7A76 /* NSObject+MJProperty.m */ = {isa = PBXFileReference; fileEncoding = 4; lastKnownFileType = sourcecode.c.objc; path = "NSObject+MJProperty.m"; sourceTree = "<group>"; };
		18ED6C281D6C3D88001E7A76 /* NSString+MJExtension.h */ = {isa = PBXFileReference; fileEncoding = 4; lastKnownFileType = sourcecode.c.h; path = "NSString+MJExtension.h"; sourceTree = "<group>"; };
		18ED6C291D6C3D88001E7A76 /* NSString+MJExtension.m */ = {isa = PBXFileReference; fileEncoding = 4; lastKnownFileType = sourcecode.c.objc; path = "NSString+MJExtension.m"; sourceTree = "<group>"; };
		18ED6C351D6C3D95001E7A76 /* wine.plist */ = {isa = PBXFileReference; fileEncoding = 4; lastKnownFileType = text.plist.xml; path = wine.plist; sourceTree = "<group>"; };
/* End PBXFileReference section */

/* Begin PBXFrameworksBuildPhase section */
		18ED6BD01D6C3A81001E7A76 /* Frameworks */ = {
			isa = PBXFrameworksBuildPhase;
			buildActionMask = 2147483647;
			files = (
			);
			runOnlyForDeploymentPostprocessing = 0;
		};
		18ED6BE91D6C3A82001E7A76 /* Frameworks */ = {
			isa = PBXFrameworksBuildPhase;
			buildActionMask = 2147483647;
			files = (
			);
			runOnlyForDeploymentPostprocessing = 0;
		};
		18ED6BF41D6C3A82001E7A76 /* Frameworks */ = {
			isa = PBXFrameworksBuildPhase;
			buildActionMask = 2147483647;
			files = (
			);
			runOnlyForDeploymentPostprocessing = 0;
		};
/* End PBXFrameworksBuildPhase section */

/* Begin PBXGroup section */
		18ED6BCA1D6C3A81001E7A76 = {
			isa = PBXGroup;
			children = (
				18ED6BD51D6C3A82001E7A76 /* 购物车尝试(代理模式) */,
				18ED6BEF1D6C3A82001E7A76 /* 购物车尝试(代理模式)Tests */,
				18ED6BFA1D6C3A82001E7A76 /* 购物车尝试(代理模式)UITests */,
				18ED6BD41D6C3A81001E7A76 /* Products */,
			);
			sourceTree = "<group>";
		};
		18ED6BD41D6C3A81001E7A76 /* Products */ = {
			isa = PBXGroup;
			children = (
				18ED6BD31D6C3A81001E7A76 /* 购物车尝试(代理模式).app */,
				18ED6BEC1D6C3A82001E7A76 /* 购物车尝试(代理模式)Tests.xctest */,
				18ED6BF71D6C3A82001E7A76 /* 购物车尝试(代理模式)UITests.xctest */,
			);
			name = Products;
			sourceTree = "<group>";
		};
		18ED6BD51D6C3A82001E7A76 /* 购物车尝试(代理模式) */ = {
			isa = PBXGroup;
			children = (
				18ED6C121D6C3D88001E7A76 /* MJExtension */,
				18ED6BD91D6C3A82001E7A76 /* AppDelegate.h */,
				18ED6BDA1D6C3A82001E7A76 /* AppDelegate.m */,
				18ED6BDC1D6C3A82001E7A76 /* ViewController.h */,
				18ED6BDD1D6C3A82001E7A76 /* ViewController.m */,
				18ED6C0F1D6C3D52001E7A76 /* JMWine.h */,
				18ED6C101D6C3D52001E7A76 /* JMWine.m */,
				18ED6C0C1D6C3D48001E7A76 /* JMWineCell.h */,
				18ED6C0D1D6C3D48001E7A76 /* JMWineCell.m */,
				18ED6C091D6C3C81001E7A76 /* JMButton.h */,
				18ED6C0A1D6C3C81001E7A76 /* JMButton.m */,
				18ED6BDF1D6C3A82001E7A76 /* Main.storyboard */,
				18ED6C351D6C3D95001E7A76 /* wine.plist */,
				18ED6BE21D6C3A82001E7A76 /* Assets.xcassets */,
				18ED6BE41D6C3A82001E7A76 /* LaunchScreen.storyboard */,
				18ED6BE71D6C3A82001E7A76 /* Info.plist */,
				18ED6BD61D6C3A82001E7A76 /* Supporting Files */,
			);
			path = "购物车尝试(代理模式)";
			sourceTree = "<group>";
		};
		18ED6BD61D6C3A82001E7A76 /* Supporting Files */ = {
			isa = PBXGroup;
			children = (
				18ED6BD71D6C3A82001E7A76 /* main.m */,
			);
			name = "Supporting Files";
			sourceTree = "<group>";
		};
		18ED6BEF1D6C3A82001E7A76 /* 购物车尝试(代理模式)Tests */ = {
			isa = PBXGroup;
			children = (
				18ED6BF01D6C3A82001E7A76 /* ___________Tests.m */,
				18ED6BF21D6C3A82001E7A76 /* Info.plist */,
			);
			path = "购物车尝试(代理模式)Tests";
			sourceTree = "<group>";
		};
		18ED6BFA1D6C3A82001E7A76 /* 购物车尝试(代理模式)UITests */ = {
			isa = PBXGroup;
			children = (
				18ED6BFB1D6C3A82001E7A76 /* ___________UITests.m */,
				18ED6BFD1D6C3A82001E7A76 /* Info.plist */,
			);
			path = "购物车尝试(代理模式)UITests";
			sourceTree = "<group>";
		};
		18ED6C121D6C3D88001E7A76 /* MJExtension */ = {
			isa = PBXGroup;
			children = (
				18ED6C131D6C3D88001E7A76 /* MJDictionaryCache.h */,
				18ED6C141D6C3D88001E7A76 /* MJDictionaryCache.m */,
				18ED6C151D6C3D88001E7A76 /* MJExtension.h */,
				18ED6C161D6C3D88001E7A76 /* MJExtensionConst.h */,
				18ED6C171D6C3D88001E7A76 /* MJExtensionConst.m */,
				18ED6C181D6C3D88001E7A76 /* MJFoundation.h */,
				18ED6C191D6C3D88001E7A76 /* MJFoundation.m */,
				18ED6C1A1D6C3D88001E7A76 /* MJProperty.h */,
				18ED6C1B1D6C3D88001E7A76 /* MJProperty.m */,
				18ED6C1C1D6C3D88001E7A76 /* MJPropertyKey.h */,
				18ED6C1D1D6C3D88001E7A76 /* MJPropertyKey.m */,
				18ED6C1E1D6C3D88001E7A76 /* MJPropertyType.h */,
				18ED6C1F1D6C3D88001E7A76 /* MJPropertyType.m */,
				18ED6C201D6C3D88001E7A76 /* NSObject+MJClass.h */,
				18ED6C211D6C3D88001E7A76 /* NSObject+MJClass.m */,
				18ED6C221D6C3D88001E7A76 /* NSObject+MJCoding.h */,
				18ED6C231D6C3D88001E7A76 /* NSObject+MJCoding.m */,
				18ED6C241D6C3D88001E7A76 /* NSObject+MJKeyValue.h */,
				18ED6C251D6C3D88001E7A76 /* NSObject+MJKeyValue.m */,
				18ED6C261D6C3D88001E7A76 /* NSObject+MJProperty.h */,
				18ED6C271D6C3D88001E7A76 /* NSObject+MJProperty.m */,
				18ED6C281D6C3D88001E7A76 /* NSString+MJExtension.h */,
				18ED6C291D6C3D88001E7A76 /* NSString+MJExtension.m */,
			);
			path = MJExtension;
			sourceTree = "<group>";
		};
/* End PBXGroup section */

/* Begin PBXNativeTarget section */
		18ED6BD21D6C3A81001E7A76 /* 购物车尝试(代理模式) */ = {
			isa = PBXNativeTarget;
			buildConfigurationList = 18ED6C001D6C3A82001E7A76 /* Build configuration list for PBXNativeTarget "购物车尝试(代理模式)" */;
			buildPhases = (
				18ED6BCF1D6C3A81001E7A76 /* Sources */,
				18ED6BD01D6C3A81001E7A76 /* Frameworks */,
				18ED6BD11D6C3A81001E7A76 /* Resources */,
			);
			buildRules = (
			);
			dependencies = (
			);
			name = "购物车尝试(代理模式)";
			productName = "购物车尝试(代理模式)";
			productReference = 18ED6BD31D6C3A81001E7A76 /* 购物车尝试(代理模式).app */;
			productType = "com.apple.product-type.application";
		};
		18ED6BEB1D6C3A82001E7A76 /* 购物车尝试(代理模式)Tests */ = {
			isa = PBXNativeTarget;
			buildConfigurationList = 18ED6C031D6C3A82001E7A76 /* Build configuration list for PBXNativeTarget "购物车尝试(代理模式)Tests" */;
			buildPhases = (
				18ED6BE81D6C3A82001E7A76 /* Sources */,
				18ED6BE91D6C3A82001E7A76 /* Frameworks */,
				18ED6BEA1D6C3A82001E7A76 /* Resources */,
			);
			buildRules = (
			);
			dependencies = (
				18ED6BEE1D6C3A82001E7A76 /* PBXTargetDependency */,
			);
			name = "购物车尝试(代理模式)Tests";
			productName = "购物车尝试(代理模式)Tests";
			productReference = 18ED6BEC1D6C3A82001E7A76 /* 购物车尝试(代理模式)Tests.xctest */;
			productType = "com.apple.product-type.bundle.unit-test";
		};
		18ED6BF61D6C3A82001E7A76 /* 购物车尝试(代理模式)UITests */ = {
			isa = PBXNativeTarget;
			buildConfigurationList = 18ED6C061D6C3A82001E7A76 /* Build configuration list for PBXNativeTarget "购物车尝试(代理模式)UITests" */;
			buildPhases = (
				18ED6BF31D6C3A82001E7A76 /* Sources */,
				18ED6BF41D6C3A82001E7A76 /* Frameworks */,
				18ED6BF51D6C3A82001E7A76 /* Resources */,
			);
			buildRules = (
			);
			dependencies = (
				18ED6BF91D6C3A82001E7A76 /* PBXTargetDependency */,
			);
			name = "购物车尝试(代理模式)UITests";
			productName = "购物车尝试(代理模式)UITests";
			productReference = 18ED6BF71D6C3A82001E7A76 /* 购物车尝试(代理模式)UITests.xctest */;
			productType = "com.apple.product-type.bundle.ui-testing";
		};
/* End PBXNativeTarget section */

/* Begin PBXProject section */
		18ED6BCB1D6C3A81001E7A76 /* Project object */ = {
			isa = PBXProject;
			attributes = {
				LastUpgradeCheck = 0710;
				ORGANIZATIONNAME = XinHuoYuan;
				TargetAttributes = {
					18ED6BD21D6C3A81001E7A76 = {
						CreatedOnToolsVersion = 7.1;
						DevelopmentTeam = 8C7AK9KPMW;
					};
					18ED6BEB1D6C3A82001E7A76 = {
						CreatedOnToolsVersion = 7.1;
						DevelopmentTeam = 8C7AK9KPMW;
						TestTargetID = 18ED6BD21D6C3A81001E7A76;
					};
					18ED6BF61D6C3A82001E7A76 = {
						CreatedOnToolsVersion = 7.1;
						DevelopmentTeam = 8C7AK9KPMW;
						TestTargetID = 18ED6BD21D6C3A81001E7A76;
					};
				};
			};
			buildConfigurationList = 18ED6BCE1D6C3A81001E7A76 /* Build configuration list for PBXProject "购物车尝试(代理模式)" */;
			compatibilityVersion = "Xcode 3.2";
			developmentRegion = English;
			hasScannedForEncodings = 0;
			knownRegions = (
				en,
				Base,
			);
			mainGroup = 18ED6BCA1D6C3A81001E7A76;
			productRefGroup = 18ED6BD41D6C3A81001E7A76 /* Products */;
			projectDirPath = "";
			projectRoot = "";
			targets = (
				18ED6BD21D6C3A81001E7A76 /* 购物车尝试(代理模式) */,
				18ED6BEB1D6C3A82001E7A76 /* 购物车尝试(代理模式)Tests */,
				18ED6BF61D6C3A82001E7A76 /* 购物车尝试(代理模式)UITests */,
			);
		};
/* End PBXProject section */

/* Begin PBXResourcesBuildPhase section */
		18ED6BD11D6C3A81001E7A76 /* Resources */ = {
			isa = PBXResourcesBuildPhase;
			buildActionMask = 2147483647;
			files = (
				18ED6BE61D6C3A82001E7A76 /* LaunchScreen.storyboard in Resources */,
				18ED6BE31D6C3A82001E7A76 /* Assets.xcassets in Resources */,
				18ED6BE11D6C3A82001E7A76 /* Main.storyboard in Resources */,
				18ED6C361D6C3D95001E7A76 /* wine.plist in Resources */,
			);
			runOnlyForDeploymentPostprocessing = 0;
		};
		18ED6BEA1D6C3A82001E7A76 /* Resources */ = {
			isa = PBXResourcesBuildPhase;
			buildActionMask = 2147483647;
			files = (
			);
			runOnlyForDeploymentPostprocessing = 0;
		};
		18ED6BF51D6C3A82001E7A76 /* Resources */ = {
			isa = PBXResourcesBuildPhase;
			buildActionMask = 2147483647;
			files = (
			);
			runOnlyForDeploymentPostprocessing = 0;
		};
/* End PBXResourcesBuildPhase section */

/* Begin PBXSourcesBuildPhase section */
		18ED6BCF1D6C3A81001E7A76 /* Sources */ = {
			isa = PBXSourcesBuildPhase;
			buildActionMask = 2147483647;
			files = (
				18ED6C311D6C3D88001E7A76 /* NSObject+MJCoding.m in Sources */,
				18ED6C2B1D6C3D88001E7A76 /* MJExtensionConst.m in Sources */,
				18ED6C301D6C3D88001E7A76 /* NSObject+MJClass.m in Sources */,
				18ED6C2E1D6C3D88001E7A76 /* MJPropertyKey.m in Sources */,
				18ED6C0B1D6C3C81001E7A76 /* JMButton.m in Sources */,
				18ED6BDE1D6C3A82001E7A76 /* ViewController.m in Sources */,
				18ED6C2D1D6C3D88001E7A76 /* MJProperty.m in Sources */,
				18ED6C2C1D6C3D88001E7A76 /* MJFoundation.m in Sources */,
				18ED6C2A1D6C3D88001E7A76 /* MJDictionaryCache.m in Sources */,
				18ED6BDB1D6C3A82001E7A76 /* AppDelegate.m in Sources */,
				18ED6C0E1D6C3D48001E7A76 /* JMWineCell.m in Sources */,
				18ED6C2F1D6C3D88001E7A76 /* MJPropertyType.m in Sources */,
				18ED6BD81D6C3A82001E7A76 /* main.m in Sources */,
				18ED6C321D6C3D88001E7A76 /* NSObject+MJKeyValue.m in Sources */,
				18ED6C341D6C3D88001E7A76 /* NSString+MJExtension.m in Sources */,
				18ED6C111D6C3D52001E7A76 /* JMWine.m in Sources */,
				18ED6C331D6C3D88001E7A76 /* NSObject+MJProperty.m in Sources */,
			);
			runOnlyForDeploymentPostprocessing = 0;
		};
		18ED6BE81D6C3A82001E7A76 /* Sources */ = {
			isa = PBXSourcesBuildPhase;
			buildActionMask = 2147483647;
			files = (
				18ED6BF11D6C3A82001E7A76 /* ___________Tests.m in Sources */,
			);
			runOnlyForDeploymentPostprocessing = 0;
		};
		18ED6BF31D6C3A82001E7A76 /* Sources */ = {
			isa = PBXSourcesBuildPhase;
			buildActionMask = 2147483647;
			files = (
				18ED6BFC1D6C3A82001E7A76 /* ___________UITests.m in Sources */,
			);
			runOnlyForDeploymentPostprocessing = 0;
		};
/* End PBXSourcesBuildPhase section */

/* Begin PBXTargetDependency section */
		18ED6BEE1D6C3A82001E7A76 /* PBXTargetDependency */ = {
			isa = PBXTargetDependency;
			target = 18ED6BD21D6C3A81001E7A76 /* 购物车尝试(代理模式) */;
			targetProxy = 18ED6BED1D6C3A82001E7A76 /* PBXContainerItemProxy */;
		};
		18ED6BF91D6C3A82001E7A76 /* PBXTargetDependency */ = {
			isa = PBXTargetDependency;
			target = 18ED6BD21D6C3A81001E7A76 /* 购物车尝试(代理模式) */;
			targetProxy = 18ED6BF81D6C3A82001E7A76 /* PBXContainerItemProxy */;
		};
/* End PBXTargetDependency section */

/* Begin PBXVariantGroup section */
		18ED6BDF1D6C3A82001E7A76 /* Main.storyboard */ = {
			isa = PBXVariantGroup;
			children = (
				18ED6BE01D6C3A82001E7A76 /* Base */,
			);
			name = Main.storyboard;
			sourceTree = "<group>";
		};
		18ED6BE41D6C3A82001E7A76 /* LaunchScreen.storyboard */ = {
			isa = PBXVariantGroup;
			children = (
				18ED6BE51D6C3A82001E7A76 /* Base */,
			);
			name = LaunchScreen.storyboard;
			sourceTree = "<group>";
		};
/* End PBXVariantGroup section */

/* Begin XCBuildConfiguration section */
		18ED6BFE1D6C3A82001E7A76 /* Debug */ = {
			isa = XCBuildConfiguration;
			buildSettings = {
				ALWAYS_SEARCH_USER_PATHS = NO;
				CLANG_CXX_LANGUAGE_STANDARD = "gnu++0x";
				CLANG_CXX_LIBRARY = "libc++";
				CLANG_ENABLE_MODULES = YES;
				CLANG_ENABLE_OBJC_ARC = YES;
				CLANG_WARN_BOOL_CONVERSION = YES;
				CLANG_WARN_CONSTANT_CONVERSION = YES;
				CLANG_WARN_DIRECT_OBJC_ISA_USAGE = YES_ERROR;
				CLANG_WARN_EMPTY_BODY = YES;
				CLANG_WARN_ENUM_CONVERSION = YES;
				CLANG_WARN_INT_CONVERSION = YES;
				CLANG_WARN_OBJC_ROOT_CLASS = YES_ERROR;
				CLANG_WARN_UNREACHABLE_CODE = YES;
				CLANG_WARN__DUPLICATE_METHOD_MATCH = YES;
				"CODE_SIGN_IDENTITY[sdk=iphoneos*]" = "iPhone Developer";
				COPY_PHASE_STRIP = NO;
				DEBUG_INFORMATION_FORMAT = dwarf;
				ENABLE_STRICT_OBJC_MSGSEND = YES;
				ENABLE_TESTABILITY = YES;
				GCC_C_LANGUAGE_STANDARD = gnu99;
				GCC_DYNAMIC_NO_PIC = NO;
				GCC_NO_COMMON_BLOCKS = YES;
				GCC_OPTIMIZATION_LEVEL = 0;
				GCC_PREPROCESSOR_DEFINITIONS = (
					"DEBUG=1",
					"$(inherited)",
				);
				GCC_WARN_64_TO_32_BIT_CONVERSION = YES;
				GCC_WARN_ABOUT_RETURN_TYPE = YES_ERROR;
				GCC_WARN_UNDECLARED_SELECTOR = YES;
				GCC_WARN_UNINITIALIZED_AUTOS = YES_AGGRESSIVE;
				GCC_WARN_UNUSED_FUNCTION = YES;
				GCC_WARN_UNUSED_VARIABLE = YES;
				IPHONEOS_DEPLOYMENT_TARGET = 9.1;
				MTL_ENABLE_DEBUG_INFO = YES;
				ONLY_ACTIVE_ARCH = YES;
				SDKROOT = iphoneos;
			};
			name = Debug;
		};
		18ED6BFF1D6C3A82001E7A76 /* Release */ = {
			isa = XCBuildConfiguration;
			buildSettings = {
				ALWAYS_SEARCH_USER_PATHS = NO;
				CLANG_CXX_LANGUAGE_STANDARD = "gnu++0x";
				CLANG_CXX_LIBRARY = "libc++";
				CLANG_ENABLE_MODULES = YES;
				CLANG_ENABLE_OBJC_ARC = YES;
				CLANG_WARN_BOOL_CONVERSION = YES;
				CLANG_WARN_CONSTANT_CONVERSION = YES;
				CLANG_WARN_DIRECT_OBJC_ISA_USAGE = YES_ERROR;
				CLANG_WARN_EMPTY_BODY = YES;
				CLANG_WARN_ENUM_CONVERSION = YES;
				CLANG_WARN_INT_CONVERSION = YES;
				CLANG_WARN_OBJC_ROOT_CLASS = YES_ERROR;
				CLANG_WARN_UNREACHABLE_CODE = YES;
				CLANG_WARN__DUPLICATE_METHOD_MATCH = YES;
				"CODE_SIGN_IDENTITY[sdk=iphoneos*]" = "iPhone Developer";
				COPY_PHASE_STRIP = NO;
				DEBUG_INFORMATION_FORMAT = "dwarf-with-dsym";
				ENABLE_NS_ASSERTIONS = NO;
				ENABLE_STRICT_OBJC_MSGSEND = YES;
				GCC_C_LANGUAGE_STANDARD = gnu99;
				GCC_NO_COMMON_BLOCKS = YES;
				GCC_WARN_64_TO_32_BIT_CONVERSION = YES;
				GCC_WARN_ABOUT_RETURN_TYPE = YES_ERROR;
				GCC_WARN_UNDECLARED_SELECTOR = YES;
				GCC_WARN_UNINITIALIZED_AUTOS = YES_AGGRESSIVE;
				GCC_WARN_UNUSED_FUNCTION = YES;
				GCC_WARN_UNUSED_VARIABLE = YES;
				IPHONEOS_DEPLOYMENT_TARGET = 9.1;
				MTL_ENABLE_DEBUG_INFO = NO;
				SDKROOT = iphoneos;
				VALIDATE_PRODUCT = YES;
			};
			name = Release;
		};
		18ED6C011D6C3A82001E7A76 /* Debug */ = {
			isa = XCBuildConfiguration;
			buildSettings = {
				ASSETCATALOG_COMPILER_APPICON_NAME = AppIcon;
				INFOPLIST_FILE = "购物车尝试(代理模式)/Info.plist";
				LD_RUNPATH_SEARCH_PATHS = "$(inherited) @executable_path/Frameworks";
				PRODUCT_BUNDLE_IDENTIFIER = "cn.XinHuoYuan.-----------";
				PRODUCT_NAME = "$(TARGET_NAME)";
			};
			name = Debug;
		};
		18ED6C021D6C3A82001E7A76 /* Release */ = {
			isa = XCBuildConfiguration;
			buildSettings = {
				ASSETCATALOG_COMPILER_APPICON_NAME = AppIcon;
				INFOPLIST_FILE = "购物车尝试(代理模式)/Info.plist";
				LD_RUNPATH_SEARCH_PATHS = "$(inherited) @executable_path/Frameworks";
				PRODUCT_BUNDLE_IDENTIFIER = "cn.XinHuoYuan.-----------";
				PRODUCT_NAME = "$(TARGET_NAME)";
			};
			name = Release;
		};
		18ED6C041D6C3A82001E7A76 /* Debug */ = {
			isa = XCBuildConfiguration;
			buildSettings = {
				BUNDLE_LOADER = "$(TEST_HOST)";
				INFOPLIST_FILE = "购物车尝试(代理模式)Tests/Info.plist";
				LD_RUNPATH_SEARCH_PATHS = "$(inherited) @executable_path/Frameworks @loader_path/Frameworks";
				PRODUCT_BUNDLE_IDENTIFIER = "cn.XinHuoYuan.-----------Tests";
				PRODUCT_NAME = "$(TARGET_NAME)";
				TEST_HOST = "$(BUILT_PRODUCTS_DIR)/购物车尝试(代理模式).app/购物车尝试(代理模式)";
			};
			name = Debug;
		};
		18ED6C051D6C3A82001E7A76 /* Release */ = {
			isa = XCBuildConfiguration;
			buildSettings = {
				BUNDLE_LOADER = "$(TEST_HOST)";
				INFOPLIST_FILE = "购物车尝试(代理模式)Tests/Info.plist";
				LD_RUNPATH_SEARCH_PATHS = "$(inherited) @executable_path/Frameworks @loader_path/Frameworks";
				PRODUCT_BUNDLE_IDENTIFIER = "cn.XinHuoYuan.-----------Tests";
				PRODUCT_NAME = "$(TARGET_NAME)";
				TEST_HOST = "$(BUILT_PRODUCTS_DIR)/购物车尝试(代理模式).app/购物车尝试(代理模式)";
			};
			name = Release;
		};
		18ED6C071D6C3A82001E7A76 /* Debug */ = {
			isa = XCBuildConfiguration;
			buildSettings = {
				INFOPLIST_FILE = "购物车尝试(代理模式)UITests/Info.plist";
				LD_RUNPATH_SEARCH_PATHS = "$(inherited) @executable_path/Frameworks @loader_path/Frameworks";
				PRODUCT_BUNDLE_IDENTIFIER = "cn.XinHuoYuan.-----------UITests";
				PRODUCT_NAME = "$(TARGET_NAME)";
				TEST_TARGET_NAME = "购物车尝试(代理模式)";
				USES_XCTRUNNER = YES;
			};
			name = Debug;
		};
		18ED6C081D6C3A82001E7A76 /* Release */ = {
			isa = XCBuildConfiguration;
			buildSettings = {
				INFOPLIST_FILE = "购物车尝试(代理模式)UITests/Info.plist";
				LD_RUNPATH_SEARCH_PATHS = "$(inherited) @executable_path/Frameworks @loader_path/Frameworks";
				PRODUCT_BUNDLE_IDENTIFIER = "cn.XinHuoYuan.-----------UITests";
				PRODUCT_NAME = "$(TARGET_NAME)";
				TEST_TARGET_NAME = "购物车尝试(代理模式)";
				USES_XCTRUNNER = YES;
			};
			name = Release;
		};
/* End XCBuildConfiguration section */

/* Begin XCConfigurationList section */
		18ED6BCE1D6C3A81001E7A76 /* Build configuration list for PBXProject "购物车尝试(代理模式)" */ = {
			isa = XCConfigurationList;
			buildConfigurations = (
				18ED6BFE1D6C3A82001E7A76 /* Debug */,
				18ED6BFF1D6C3A82001E7A76 /* Release */,
			);
			defaultConfigurationIsVisible = 0;
			defaultConfigurationName = Release;
		};
		18ED6C001D6C3A82001E7A76 /* Build configuration list for PBXNativeTarget "购物车尝试(代理模式)" */ = {
			isa = XCConfigurationList;
			buildConfigurations = (
				18ED6C011D6C3A82001E7A76 /* Debug */,
				18ED6C021D6C3A82001E7A76 /* Release */,
			);
			defaultConfigurationIsVisible = 0;
		};
		18ED6C031D6C3A82001E7A76 /* Build configuration list for PBXNativeTarget "购物车尝试(代理模式)Tests" */ = {
			isa = XCConfigurationList;
			buildConfigurations = (
				18ED6C041D6C3A82001E7A76 /* Debug */,
				18ED6C051D6C3A82001E7A76 /* Release */,
			);
			defaultConfigurationIsVisible = 0;
		};
		18ED6C061D6C3A82001E7A76 /* Build configuration list for PBXNativeTarget "购物车尝试(代理模式)UITests" */ = {
			isa = XCConfigurationList;
			buildConfigurations = (
				18ED6C071D6C3A82001E7A76 /* Debug */,
				18ED6C081D6C3A82001E7A76 /* Release */,
			);
			defaultConfigurationIsVisible = 0;
		};
/* End XCConfigurationList section */
	};
	rootObject = 18ED6BCB1D6C3A81001E7A76 /* Project object */;
}
