// !$*UTF8*$!
{
	archiveVersion = 1;
	classes = {
	};
	objectVersion = 46;
	objects = {

/* Begin PBXBuildFile section */
		18ED73A41D70196C001E7A76 /* main.m in Sources */ = {isa = PBXBuildFile; fileRef = 18ED73A31D70196C001E7A76 /* main.m */; };
		18ED73A71D70196C001E7A76 /* AppDelegate.m in Sources */ = {isa = PBXBuildFile; fileRef = 18ED73A61D70196C001E7A76 /* AppDelegate.m */; };
		18ED73AA1D70196C001E7A76 /* ViewController.m in Sources */ = {isa = PBXBuildFile; fileRef = 18ED73A91D70196C001E7A76 /* ViewController.m */; };
		18ED73AD1D70196C001E7A76 /* Main.storyboard in Resources */ = {isa = PBXBuildFile; fileRef = 18ED73AB1D70196C001E7A76 /* Main.storyboard */; };
		18ED73AF1D70196C001E7A76 /* Assets.xcassets in Resources */ = {isa = PBXBuildFile; fileRef = 18ED73AE1D70196C001E7A76 /* Assets.xcassets */; };
		18ED73B21D70196C001E7A76 /* LaunchScreen.storyboard in Resources */ = {isa = PBXBuildFile; fileRef = 18ED73B01D70196C001E7A76 /* LaunchScreen.storyboard */; };
		18ED73BD1D70196C001E7A76 /* __cellTests.m in Sources */ = {isa = PBXBuildFile; fileRef = 18ED73BC1D70196C001E7A76 /* __cellTests.m */; };
		18ED73C81D70196C001E7A76 /* __cellUITests.m in Sources */ = {isa = PBXBuildFile; fileRef = 18ED73C71D70196C001E7A76 /* __cellUITests.m */; };
/* End PBXBuildFile section */

/* Begin PBXContainerItemProxy section */
		18ED73B91D70196C001E7A76 /* PBXContainerItemProxy */ = {
			isa = PBXContainerItemProxy;
			containerPortal = 18ED73971D70196C001E7A76 /* Project object */;
			proxyType = 1;
			remoteGlobalIDString = 18ED739E1D70196C001E7A76;
			remoteInfo = "静态cell";
		};
		18ED73C41D70196C001E7A76 /* PBXContainerItemProxy */ = {
			isa = PBXContainerItemProxy;
			containerPortal = 18ED73971D70196C001E7A76 /* Project object */;
			proxyType = 1;
			remoteGlobalIDString = 18ED739E1D70196C001E7A76;
			remoteInfo = "静态cell";
		};
/* End PBXContainerItemProxy section */

/* Begin PBXFileReference section */
		18ED739F1D70196C001E7A76 /* 静态cell.app */ = {isa = PBXFileReference; explicitFileType = wrapper.application; includeInIndex = 0; path = "静态cell.app"; sourceTree = BUILT_PRODUCTS_DIR; };
		18ED73A31D70196C001E7A76 /* main.m */ = {isa = PBXFileReference; lastKnownFileType = sourcecode.c.objc; path = main.m; sourceTree = "<group>"; };
		18ED73A51D70196C001E7A76 /* AppDelegate.h */ = {isa = PBXFileReference; lastKnownFileType = sourcecode.c.h; path = AppDelegate.h; sourceTree = "<group>"; };
		18ED73A61D70196C001E7A76 /* AppDelegate.m */ = {isa = PBXFileReference; lastKnownFileType = sourcecode.c.objc; path = AppDelegate.m; sourceTree = "<group>"; };
		18ED73A81D70196C001E7A76 /* ViewController.h */ = {isa = PBXFileReference; lastKnownFileType = sourcecode.c.h; path = ViewController.h; sourceTree = "<group>"; };
		18ED73A91D70196C001E7A76 /* ViewController.m */ = {isa = PBXFileReference; lastKnownFileType = sourcecode.c.objc; path = ViewController.m; sourceTree = "<group>"; };
		18ED73AC1D70196C001E7A76 /* Base */ = {isa = PBXFileReference; lastKnownFileType = file.storyboard; name = Base; path = Base.lproj/Main.storyboard; sourceTree = "<group>"; };
		18ED73AE1D70196C001E7A76 /* Assets.xcassets */ = {isa = PBXFileReference; lastKnownFileType = folder.assetcatalog; path = Assets.xcassets; sourceTree = "<group>"; };
		18ED73B11D70196C001E7A76 /* Base */ = {isa = PBXFileReference; lastKnownFileType = file.storyboard; name = Base; path = Base.lproj/LaunchScreen.storyboard; sourceTree = "<group>"; };
		18ED73B31D70196C001E7A76 /* Info.plist */ = {isa = PBXFileReference; lastKnownFileType = text.plist.xml; path = Info.plist; sourceTree = "<group>"; };
		18ED73B81D70196C001E7A76 /* 静态cellTests.xctest */ = {isa = PBXFileReference; explicitFileType = wrapper.cfbundle; includeInIndex = 0; path = "静态cellTests.xctest"; sourceTree = BUILT_PRODUCTS_DIR; };
		18ED73BC1D70196C001E7A76 /* __cellTests.m */ = {isa = PBXFileReference; lastKnownFileType = sourcecode.c.objc; path = __cellTests.m; sourceTree = "<group>"; };
		18ED73BE1D70196C001E7A76 /* Info.plist */ = {isa = PBXFileReference; lastKnownFileType = text.plist.xml; path = Info.plist; sourceTree = "<group>"; };
		18ED73C31D70196C001E7A76 /* 静态cellUITests.xctest */ = {isa = PBXFileReference; explicitFileType = wrapper.cfbundle; includeInIndex = 0; path = "静态cellUITests.xctest"; sourceTree = BUILT_PRODUCTS_DIR; };
		18ED73C71D70196C001E7A76 /* __cellUITests.m */ = {isa = PBXFileReference; lastKnownFileType = sourcecode.c.objc; path = __cellUITests.m; sourceTree = "<group>"; };
		18ED73C91D70196C001E7A76 /* Info.plist */ = {isa = PBXFileReference; lastKnownFileType = text.plist.xml; path = Info.plist; sourceTree = "<group>"; };
/* End PBXFileReference section */

/* Begin PBXFrameworksBuildPhase section */
		18ED739C1D70196C001E7A76 /* Frameworks */ = {
			isa = PBXFrameworksBuildPhase;
			buildActionMask = 2147483647;
			files = (
			);
			runOnlyForDeploymentPostprocessing = 0;
		};
		18ED73B51D70196C001E7A76 /* Frameworks */ = {
			isa = PBXFrameworksBuildPhase;
			buildActionMask = 2147483647;
			files = (
			);
			runOnlyForDeploymentPostprocessing = 0;
		};
		18ED73C01D70196C001E7A76 /* Frameworks */ = {
			isa = PBXFrameworksBuildPhase;
			buildActionMask = 2147483647;
			files = (
			);
			runOnlyForDeploymentPostprocessing = 0;
		};
/* End PBXFrameworksBuildPhase section */

/* Begin PBXGroup section */
		18ED73961D70196C001E7A76 = {
			isa = PBXGroup;
			children = (
				18ED73A11D70196C001E7A76 /* 静态cell */,
				18ED73BB1D70196C001E7A76 /* 静态cellTests */,
				18ED73C61D70196C001E7A76 /* 静态cellUITests */,
				18ED73A01D70196C001E7A76 /* Products */,
			);
			sourceTree = "<group>";
		};
		18ED73A01D70196C001E7A76 /* Products */ = {
			isa = PBXGroup;
			children = (
				18ED739F1D70196C001E7A76 /* 静态cell.app */,
				18ED73B81D70196C001E7A76 /* 静态cellTests.xctest */,
				18ED73C31D70196C001E7A76 /* 静态cellUITests.xctest */,
			);
			name = Products;
			sourceTree = "<group>";
		};
		18ED73A11D70196C001E7A76 /* 静态cell */ = {
			isa = PBXGroup;
			children = (
				18ED73A51D70196C001E7A76 /* AppDelegate.h */,
				18ED73A61D70196C001E7A76 /* AppDelegate.m */,
				18ED73A81D70196C001E7A76 /* ViewController.h */,
				18ED73A91D70196C001E7A76 /* ViewController.m */,
				18ED73AB1D70196C001E7A76 /* Main.storyboard */,
				18ED73AE1D70196C001E7A76 /* Assets.xcassets */,
				18ED73B01D70196C001E7A76 /* LaunchScreen.storyboard */,
				18ED73B31D70196C001E7A76 /* Info.plist */,
				18ED73A21D70196C001E7A76 /* Supporting Files */,
			);
			path = "静态cell";
			sourceTree = "<group>";
		};
		18ED73A21D70196C001E7A76 /* Supporting Files */ = {
			isa = PBXGroup;
			children = (
				18ED73A31D70196C001E7A76 /* main.m */,
			);
			name = "Supporting Files";
			sourceTree = "<group>";
		};
		18ED73BB1D70196C001E7A76 /* 静态cellTests */ = {
			isa = PBXGroup;
			children = (
				18ED73BC1D70196C001E7A76 /* __cellTests.m */,
				18ED73BE1D70196C001E7A76 /* Info.plist */,
			);
			path = "静态cellTests";
			sourceTree = "<group>";
		};
		18ED73C61D70196C001E7A76 /* 静态cellUITests */ = {
			isa = PBXGroup;
			children = (
				18ED73C71D70196C001E7A76 /* __cellUITests.m */,
				18ED73C91D70196C001E7A76 /* Info.plist */,
			);
			path = "静态cellUITests";
			sourceTree = "<group>";
		};
/* End PBXGroup section */

/* Begin PBXNativeTarget section */
		18ED739E1D70196C001E7A76 /* 静态cell */ = {
			isa = PBXNativeTarget;
			buildConfigurationList = 18ED73CC1D70196C001E7A76 /* Build configuration list for PBXNativeTarget "静态cell" */;
			buildPhases = (
				18ED739B1D70196C001E7A76 /* Sources */,
				18ED739C1D70196C001E7A76 /* Frameworks */,
				18ED739D1D70196C001E7A76 /* Resources */,
			);
			buildRules = (
			);
			dependencies = (
			);
			name = "静态cell";
			productName = "静态cell";
			productReference = 18ED739F1D70196C001E7A76 /* 静态cell.app */;
			productType = "com.apple.product-type.application";
		};
		18ED73B71D70196C001E7A76 /* 静态cellTests */ = {
			isa = PBXNativeTarget;
			buildConfigurationList = 18ED73CF1D70196C001E7A76 /* Build configuration list for PBXNativeTarget "静态cellTests" */;
			buildPhases = (
				18ED73B41D70196C001E7A76 /* Sources */,
				18ED73B51D70196C001E7A76 /* Frameworks */,
				18ED73B61D70196C001E7A76 /* Resources */,
			);
			buildRules = (
			);
			dependencies = (
				18ED73BA1D70196C001E7A76 /* PBXTargetDependency */,
			);
			name = "静态cellTests";
			productName = "静态cellTests";
			productReference = 18ED73B81D70196C001E7A76 /* 静态cellTests.xctest */;
			productType = "com.apple.product-type.bundle.unit-test";
		};
		18ED73C21D70196C001E7A76 /* 静态cellUITests */ = {
			isa = PBXNativeTarget;
			buildConfigurationList = 18ED73D21D70196C001E7A76 /* Build configuration list for PBXNativeTarget "静态cellUITests" */;
			buildPhases = (
				18ED73BF1D70196C001E7A76 /* Sources */,
				18ED73C01D70196C001E7A76 /* Frameworks */,
				18ED73C11D70196C001E7A76 /* Resources */,
			);
			buildRules = (
			);
			dependencies = (
				18ED73C51D70196C001E7A76 /* PBXTargetDependency */,
			);
			name = "静态cellUITests";
			productName = "静态cellUITests";
			productReference = 18ED73C31D70196C001E7A76 /* 静态cellUITests.xctest */;
			productType = "com.apple.product-type.bundle.ui-testing";
		};
/* End PBXNativeTarget section */

/* Begin PBXProject section */
		18ED73971D70196C001E7A76 /* Project object */ = {
			isa = PBXProject;
			attributes = {
				LastUpgradeCheck = 0710;
				ORGANIZATIONNAME = XinHuoYuan;
				TargetAttributes = {
					18ED739E1D70196C001E7A76 = {
						CreatedOnToolsVersion = 7.1;
						DevelopmentTeam = 8C7AK9KPMW;
					};
					18ED73B71D70196C001E7A76 = {
						CreatedOnToolsVersion = 7.1;
						DevelopmentTeam = 8C7AK9KPMW;
						TestTargetID = 18ED739E1D70196C001E7A76;
					};
					18ED73C21D70196C001E7A76 = {
						CreatedOnToolsVersion = 7.1;
						DevelopmentTeam = 8C7AK9KPMW;
						TestTargetID = 18ED739E1D70196C001E7A76;
					};
				};
			};
			buildConfigurationList = 18ED739A1D70196C001E7A76 /* Build configuration list for PBXProject "静态cell" */;
			compatibilityVersion = "Xcode 3.2";
			developmentRegion = English;
			hasScannedForEncodings = 0;
			knownRegions = (
				en,
				Base,
			);
			mainGroup = 18ED73961D70196C001E7A76;
			productRefGroup = 18ED73A01D70196C001E7A76 /* Products */;
			projectDirPath = "";
			projectRoot = "";
			targets = (
				18ED739E1D70196C001E7A76 /* 静态cell */,
				18ED73B71D70196C001E7A76 /* 静态cellTests */,
				18ED73C21D70196C001E7A76 /* 静态cellUITests */,
			);
		};
/* End PBXProject section */

/* Begin PBXResourcesBuildPhase section */
		18ED739D1D70196C001E7A76 /* Resources */ = {
			isa = PBXResourcesBuildPhase;
			buildActionMask = 2147483647;
			files = (
				18ED73B21D70196C001E7A76 /* LaunchScreen.storyboard in Resources */,
				18ED73AF1D70196C001E7A76 /* Assets.xcassets in Resources */,
				18ED73AD1D70196C001E7A76 /* Main.storyboard in Resources */,
			);
			runOnlyForDeploymentPostprocessing = 0;
		};
		18ED73B61D70196C001E7A76 /* Resources */ = {
			isa = PBXResourcesBuildPhase;
			buildActionMask = 2147483647;
			files = (
			);
			runOnlyForDeploymentPostprocessing = 0;
		};
		18ED73C11D70196C001E7A76 /* Resources */ = {
			isa = PBXResourcesBuildPhase;
			buildActionMask = 2147483647;
			files = (
			);
			runOnlyForDeploymentPostprocessing = 0;
		};
/* End PBXResourcesBuildPhase section */

/* Begin PBXSourcesBuildPhase section */
		18ED739B1D70196C001E7A76 /* Sources */ = {
			isa = PBXSourcesBuildPhase;
			buildActionMask = 2147483647;
			files = (
				18ED73AA1D70196C001E7A76 /* ViewController.m in Sources */,
				18ED73A71D70196C001E7A76 /* AppDelegate.m in Sources */,
				18ED73A41D70196C001E7A76 /* main.m in Sources */,
			);
			runOnlyForDeploymentPostprocessing = 0;
		};
		18ED73B41D70196C001E7A76 /* Sources */ = {
			isa = PBXSourcesBuildPhase;
			buildActionMask = 2147483647;
			files = (
				18ED73BD1D70196C001E7A76 /* __cellTests.m in Sources */,
			);
			runOnlyForDeploymentPostprocessing = 0;
		};
		18ED73BF1D70196C001E7A76 /* Sources */ = {
			isa = PBXSourcesBuildPhase;
			buildActionMask = 2147483647;
			files = (
				18ED73C81D70196C001E7A76 /* __cellUITests.m in Sources */,
			);
			runOnlyForDeploymentPostprocessing = 0;
		};
/* End PBXSourcesBuildPhase section */

/* Begin PBXTargetDependency section */
		18ED73BA1D70196C001E7A76 /* PBXTargetDependency */ = {
			isa = PBXTargetDependency;
			target = 18ED739E1D70196C001E7A76 /* 静态cell */;
			targetProxy = 18ED73B91D70196C001E7A76 /* PBXContainerItemProxy */;
		};
		18ED73C51D70196C001E7A76 /* PBXTargetDependency */ = {
			isa = PBXTargetDependency;
			target = 18ED739E1D70196C001E7A76 /* 静态cell */;
			targetProxy = 18ED73C41D70196C001E7A76 /* PBXContainerItemProxy */;
		};
/* End PBXTargetDependency section */

/* Begin PBXVariantGroup section */
		18ED73AB1D70196C001E7A76 /* Main.storyboard */ = {
			isa = PBXVariantGroup;
			children = (
				18ED73AC1D70196C001E7A76 /* Base */,
			);
			name = Main.storyboard;
			sourceTree = "<group>";
		};
		18ED73B01D70196C001E7A76 /* LaunchScreen.storyboard */ = {
			isa = PBXVariantGroup;
			children = (
				18ED73B11D70196C001E7A76 /* Base */,
			);
			name = LaunchScreen.storyboard;
			sourceTree = "<group>";
		};
/* End PBXVariantGroup section */

/* Begin XCBuildConfiguration section */
		18ED73CA1D70196C001E7A76 /* Debug */ = {
			isa = XCBuildConfiguration;
			buildSettings = {
				ALWAYS_SEARCH_USER_PATHS = NO;
				CLANG_CXX_LANGUAGE_STANDARD = "gnu++0x";
				CLANG_CXX_LIBRARY = "libc++";
				CLANG_ENABLE_MODULES = YES;
				CLANG_ENABLE_OBJC_ARC = YES;
				CLANG_WARN_BOOL_CONVERSION = YES;
				CLANG_WARN_CONSTANT_CONVERSION = YES;
				CLANG_WARN_DIRECT_OBJC_ISA_USAGE = YES_ERROR;
				CLANG_WARN_EMPTY_BODY = YES;
				CLANG_WARN_ENUM_CONVERSION = YES;
				CLANG_WARN_INT_CONVERSION = YES;
				CLANG_WARN_OBJC_ROOT_CLASS = YES_ERROR;
				CLANG_WARN_UNREACHABLE_CODE = YES;
				CLANG_WARN__DUPLICATE_METHOD_MATCH = YES;
				"CODE_SIGN_IDENTITY[sdk=iphoneos*]" = "iPhone Developer";
				COPY_PHASE_STRIP = NO;
				DEBUG_INFORMATION_FORMAT = dwarf;
				ENABLE_STRICT_OBJC_MSGSEND = YES;
				ENABLE_TESTABILITY = YES;
				GCC_C_LANGUAGE_STANDARD = gnu99;
				GCC_DYNAMIC_NO_PIC = NO;
				GCC_NO_COMMON_BLOCKS = YES;
				GCC_OPTIMIZATION_LEVEL = 0;
				GCC_PREPROCESSOR_DEFINITIONS = (
					"DEBUG=1",
					"$(inherited)",
				);
				GCC_WARN_64_TO_32_BIT_CONVERSION = YES;
				GCC_WARN_ABOUT_RETURN_TYPE = YES_ERROR;
				GCC_WARN_UNDECLARED_SELECTOR = YES;
				GCC_WARN_UNINITIALIZED_AUTOS = YES_AGGRESSIVE;
				GCC_WARN_UNUSED_FUNCTION = YES;
				GCC_WARN_UNUSED_VARIABLE = YES;
				IPHONEOS_DEPLOYMENT_TARGET = 9.1;
				MTL_ENABLE_DEBUG_INFO = YES;
				ONLY_ACTIVE_ARCH = YES;
				SDKROOT = iphoneos;
			};
			name = Debug;
		};
		18ED73CB1D70196C001E7A76 /* Release */ = {
			isa = XCBuildConfiguration;
			buildSettings = {
				ALWAYS_SEARCH_USER_PATHS = NO;
				CLANG_CXX_LANGUAGE_STANDARD = "gnu++0x";
				CLANG_CXX_LIBRARY = "libc++";
				CLANG_ENABLE_MODULES = YES;
				CLANG_ENABLE_OBJC_ARC = YES;
				CLANG_WARN_BOOL_CONVERSION = YES;
				CLANG_WARN_CONSTANT_CONVERSION = YES;
				CLANG_WARN_DIRECT_OBJC_ISA_USAGE = YES_ERROR;
				CLANG_WARN_EMPTY_BODY = YES;
				CLANG_WARN_ENUM_CONVERSION = YES;
				CLANG_WARN_INT_CONVERSION = YES;
				CLANG_WARN_OBJC_ROOT_CLASS = YES_ERROR;
				CLANG_WARN_UNREACHABLE_CODE = YES;
				CLANG_WARN__DUPLICATE_METHOD_MATCH = YES;
				"CODE_SIGN_IDENTITY[sdk=iphoneos*]" = "iPhone Developer";
				COPY_PHASE_STRIP = NO;
				DEBUG_INFORMATION_FORMAT = "dwarf-with-dsym";
				ENABLE_NS_ASSERTIONS = NO;
				ENABLE_STRICT_OBJC_MSGSEND = YES;
				GCC_C_LANGUAGE_STANDARD = gnu99;
				GCC_NO_COMMON_BLOCKS = YES;
				GCC_WARN_64_TO_32_BIT_CONVERSION = YES;
				GCC_WARN_ABOUT_RETURN_TYPE = YES_ERROR;
				GCC_WARN_UNDECLARED_SELECTOR = YES;
				GCC_WARN_UNINITIALIZED_AUTOS = YES_AGGRESSIVE;
				GCC_WARN_UNUSED_FUNCTION = YES;
				GCC_WARN_UNUSED_VARIABLE = YES;
				IPHONEOS_DEPLOYMENT_TARGET = 9.1;
				MTL_ENABLE_DEBUG_INFO = NO;
				SDKROOT = iphoneos;
				VALIDATE_PRODUCT = YES;
			};
			name = Release;
		};
		18ED73CD1D70196C001E7A76 /* Debug */ = {
			isa = XCBuildConfiguration;
			buildSettings = {
				ASSETCATALOG_COMPILER_APPICON_NAME = AppIcon;
				INFOPLIST_FILE = "静态cell/Info.plist";
				LD_RUNPATH_SEARCH_PATHS = "$(inherited) @executable_path/Frameworks";
				PRODUCT_BUNDLE_IDENTIFIER = "cn.XinHuoYuan.--cell";
				PRODUCT_NAME = "$(TARGET_NAME)";
			};
			name = Debug;
		};
		18ED73CE1D70196C001E7A76 /* Release */ = {
			isa = XCBuildConfiguration;
			buildSettings = {
				ASSETCATALOG_COMPILER_APPICON_NAME = AppIcon;
				INFOPLIST_FILE = "静态cell/Info.plist";
				LD_RUNPATH_SEARCH_PATHS = "$(inherited) @executable_path/Frameworks";
				PRODUCT_BUNDLE_IDENTIFIER = "cn.XinHuoYuan.--cell";
				PRODUCT_NAME = "$(TARGET_NAME)";
			};
			name = Release;
		};
		18ED73D01D70196C001E7A76 /* Debug */ = {
			isa = XCBuildConfiguration;
			buildSettings = {
				BUNDLE_LOADER = "$(TEST_HOST)";
				INFOPLIST_FILE = "静态cellTests/Info.plist";
				LD_RUNPATH_SEARCH_PATHS = "$(inherited) @executable_path/Frameworks @loader_path/Frameworks";
				PRODUCT_BUNDLE_IDENTIFIER = "cn.XinHuoYuan.--cellTests";
				PRODUCT_NAME = "$(TARGET_NAME)";
				TEST_HOST = "$(BUILT_PRODUCTS_DIR)/静态cell.app/静态cell";
			};
			name = Debug;
		};
		18ED73D11D70196C001E7A76 /* Release */ = {
			isa = XCBuildConfiguration;
			buildSettings = {
				BUNDLE_LOADER = "$(TEST_HOST)";
				INFOPLIST_FILE = "静态cellTests/Info.plist";
				LD_RUNPATH_SEARCH_PATHS = "$(inherited) @executable_path/Frameworks @loader_path/Frameworks";
				PRODUCT_BUNDLE_IDENTIFIER = "cn.XinHuoYuan.--cellTests";
				PRODUCT_NAME = "$(TARGET_NAME)";
				TEST_HOST = "$(BUILT_PRODUCTS_DIR)/静态cell.app/静态cell";
			};
			name = Release;
		};
		18ED73D31D70196C001E7A76 /* Debug */ = {
			isa = XCBuildConfiguration;
			buildSettings = {
				INFOPLIST_FILE = "静态cellUITests/Info.plist";
				LD_RUNPATH_SEARCH_PATHS = "$(inherited) @executable_path/Frameworks @loader_path/Frameworks";
				PRODUCT_BUNDLE_IDENTIFIER = "cn.XinHuoYuan.--cellUITests";
				PRODUCT_NAME = "$(TARGET_NAME)";
				TEST_TARGET_NAME = "静态cell";
				USES_XCTRUNNER = YES;
			};
			name = Debug;
		};
		18ED73D41D70196C001E7A76 /* Release */ = {
			isa = XCBuildConfiguration;
			buildSettings = {
				INFOPLIST_FILE = "静态cellUITests/Info.plist";
				LD_RUNPATH_SEARCH_PATHS = "$(inherited) @executable_path/Frameworks @loader_path/Frameworks";
				PRODUCT_BUNDLE_IDENTIFIER = "cn.XinHuoYuan.--cellUITests";
				PRODUCT_NAME = "$(TARGET_NAME)";
				TEST_TARGET_NAME = "静态cell";
				USES_XCTRUNNER = YES;
			};
			name = Release;
		};
/* End XCBuildConfiguration section */

/* Begin XCConfigurationList section */
		18ED739A1D70196C001E7A76 /* Build configuration list for PBXProject "静态cell" */ = {
			isa = XCConfigurationList;
			buildConfigurations = (
				18ED73CA1D70196C001E7A76 /* Debug */,
				18ED73CB1D70196C001E7A76 /* Release */,
			);
			defaultConfigurationIsVisible = 0;
			defaultConfigurationName = Release;
		};
		18ED73CC1D70196C001E7A76 /* Build configuration list for PBXNativeTarget "静态cell" */ = {
			isa = XCConfigurationList;
			buildConfigurations = (
				18ED73CD1D70196C001E7A76 /* Debug */,
				18ED73CE1D70196C001E7A76 /* Release */,
			);
			defaultConfigurationIsVisible = 0;
		};
		18ED73CF1D70196C001E7A76 /* Build configuration list for PBXNativeTarget "静态cellTests" */ = {
			isa = XCConfigurationList;
			buildConfigurations = (
				18ED73D01D70196C001E7A76 /* Debug */,
				18ED73D11D70196C001E7A76 /* Release */,
			);
			defaultConfigurationIsVisible = 0;
		};
		18ED73D21D70196C001E7A76 /* Build configuration list for PBXNativeTarget "静态cellUITests" */ = {
			isa = XCConfigurationList;
			buildConfigurations = (
				18ED73D31D70196C001E7A76 /* Debug */,
				18ED73D41D70196C001E7A76 /* Release */,
			);
			defaultConfigurationIsVisible = 0;
		};
/* End XCConfigurationList section */
	};
	rootObject = 18ED73971D70196C001E7A76 /* Project object */;
}
