// !$*UTF8*$!
{
	archiveVersion = 1;
	classes = {
	};
	objectVersion = 46;
	objects = {

/* Begin PBXBuildFile section */
		184DEED91D788814001E8685 /* main.m in Sources */ = {isa = PBXBuildFile; fileRef = 184DEED81D788814001E8685 /* main.m */; };
		184DEEDC1D788814001E8685 /* AppDelegate.m in Sources */ = {isa = PBXBuildFile; fileRef = 184DEEDB1D788814001E8685 /* AppDelegate.m */; };
		184DEEDF1D788814001E8685 /* ViewController.m in Sources */ = {isa = PBXBuildFile; fileRef = 184DEEDE1D788814001E8685 /* ViewController.m */; };
		184DEEE21D788814001E8685 /* Main.storyboard in Resources */ = {isa = PBXBuildFile; fileRef = 184DEEE01D788814001E8685 /* Main.storyboard */; };
		184DEEE41D788814001E8685 /* Assets.xcassets in Resources */ = {isa = PBXBuildFile; fileRef = 184DEEE31D788814001E8685 /* Assets.xcassets */; };
		184DEEE71D788814001E8685 /* LaunchScreen.storyboard in Resources */ = {isa = PBXBuildFile; fileRef = 184DEEE51D788814001E8685 /* LaunchScreen.storyboard */; };
		184DEEF21D788814001E8685 /* UIWindow______Tests.m in Sources */ = {isa = PBXBuildFile; fileRef = 184DEEF11D788814001E8685 /* UIWindow______Tests.m */; };
		184DEEFD1D788814001E8685 /* UIWindow______UITests.m in Sources */ = {isa = PBXBuildFile; fileRef = 184DEEFC1D788814001E8685 /* UIWindow______UITests.m */; };
/* End PBXBuildFile section */

/* Begin PBXContainerItemProxy section */
		184DEEEE1D788814001E8685 /* PBXContainerItemProxy */ = {
			isa = PBXContainerItemProxy;
			containerPortal = 184DEECC1D788814001E8685 /* Project object */;
			proxyType = 1;
			remoteGlobalIDString = 184DEED31D788814001E8685;
			remoteInfo = "UIWindow补充(了解)";
		};
		184DEEF91D788814001E8685 /* PBXContainerItemProxy */ = {
			isa = PBXContainerItemProxy;
			containerPortal = 184DEECC1D788814001E8685 /* Project object */;
			proxyType = 1;
			remoteGlobalIDString = 184DEED31D788814001E8685;
			remoteInfo = "UIWindow补充(了解)";
		};
/* End PBXContainerItemProxy section */

/* Begin PBXFileReference section */
		184DEED41D788814001E8685 /* UIWindow补充(了解).app */ = {isa = PBXFileReference; explicitFileType = wrapper.application; includeInIndex = 0; path = "UIWindow补充(了解).app"; sourceTree = BUILT_PRODUCTS_DIR; };
		184DEED81D788814001E8685 /* main.m */ = {isa = PBXFileReference; lastKnownFileType = sourcecode.c.objc; path = main.m; sourceTree = "<group>"; };
		184DEEDA1D788814001E8685 /* AppDelegate.h */ = {isa = PBXFileReference; lastKnownFileType = sourcecode.c.h; path = AppDelegate.h; sourceTree = "<group>"; };
		184DEEDB1D788814001E8685 /* AppDelegate.m */ = {isa = PBXFileReference; lastKnownFileType = sourcecode.c.objc; path = AppDelegate.m; sourceTree = "<group>"; };
		184DEEDD1D788814001E8685 /* ViewController.h */ = {isa = PBXFileReference; lastKnownFileType = sourcecode.c.h; path = ViewController.h; sourceTree = "<group>"; };
		184DEEDE1D788814001E8685 /* ViewController.m */ = {isa = PBXFileReference; lastKnownFileType = sourcecode.c.objc; path = ViewController.m; sourceTree = "<group>"; };
		184DEEE11D788814001E8685 /* Base */ = {isa = PBXFileReference; lastKnownFileType = file.storyboard; name = Base; path = Base.lproj/Main.storyboard; sourceTree = "<group>"; };
		184DEEE31D788814001E8685 /* Assets.xcassets */ = {isa = PBXFileReference; lastKnownFileType = folder.assetcatalog; path = Assets.xcassets; sourceTree = "<group>"; };
		184DEEE61D788814001E8685 /* Base */ = {isa = PBXFileReference; lastKnownFileType = file.storyboard; name = Base; path = Base.lproj/LaunchScreen.storyboard; sourceTree = "<group>"; };
		184DEEE81D788814001E8685 /* Info.plist */ = {isa = PBXFileReference; lastKnownFileType = text.plist.xml; path = Info.plist; sourceTree = "<group>"; };
		184DEEED1D788814001E8685 /* UIWindow补充(了解)Tests.xctest */ = {isa = PBXFileReference; explicitFileType = wrapper.cfbundle; includeInIndex = 0; path = "UIWindow补充(了解)Tests.xctest"; sourceTree = BUILT_PRODUCTS_DIR; };
		184DEEF11D788814001E8685 /* UIWindow______Tests.m */ = {isa = PBXFileReference; lastKnownFileType = sourcecode.c.objc; path = "UIWindow______Tests.m"; sourceTree = "<group>"; };
		184DEEF31D788814001E8685 /* Info.plist */ = {isa = PBXFileReference; lastKnownFileType = text.plist.xml; path = Info.plist; sourceTree = "<group>"; };
		184DEEF81D788814001E8685 /* UIWindow补充(了解)UITests.xctest */ = {isa = PBXFileReference; explicitFileType = wrapper.cfbundle; includeInIndex = 0; path = "UIWindow补充(了解)UITests.xctest"; sourceTree = BUILT_PRODUCTS_DIR; };
		184DEEFC1D788814001E8685 /* UIWindow______UITests.m */ = {isa = PBXFileReference; lastKnownFileType = sourcecode.c.objc; path = "UIWindow______UITests.m"; sourceTree = "<group>"; };
		184DEEFE1D788814001E8685 /* Info.plist */ = {isa = PBXFileReference; lastKnownFileType = text.plist.xml; path = Info.plist; sourceTree = "<group>"; };
/* End PBXFileReference section */

/* Begin PBXFrameworksBuildPhase section */
		184DEED11D788814001E8685 /* Frameworks */ = {
			isa = PBXFrameworksBuildPhase;
			buildActionMask = 2147483647;
			files = (
			);
			runOnlyForDeploymentPostprocessing = 0;
		};
		184DEEEA1D788814001E8685 /* Frameworks */ = {
			isa = PBXFrameworksBuildPhase;
			buildActionMask = 2147483647;
			files = (
			);
			runOnlyForDeploymentPostprocessing = 0;
		};
		184DEEF51D788814001E8685 /* Frameworks */ = {
			isa = PBXFrameworksBuildPhase;
			buildActionMask = 2147483647;
			files = (
			);
			runOnlyForDeploymentPostprocessing = 0;
		};
/* End PBXFrameworksBuildPhase section */

/* Begin PBXGroup section */
		184DEECB1D788814001E8685 = {
			isa = PBXGroup;
			children = (
				184DEED61D788814001E8685 /* UIWindow补充(了解) */,
				184DEEF01D788814001E8685 /* UIWindow补充(了解)Tests */,
				184DEEFB1D788814001E8685 /* UIWindow补充(了解)UITests */,
				184DEED51D788814001E8685 /* Products */,
			);
			sourceTree = "<group>";
		};
		184DEED51D788814001E8685 /* Products */ = {
			isa = PBXGroup;
			children = (
				184DEED41D788814001E8685 /* UIWindow补充(了解).app */,
				184DEEED1D788814001E8685 /* UIWindow补充(了解)Tests.xctest */,
				184DEEF81D788814001E8685 /* UIWindow补充(了解)UITests.xctest */,
			);
			name = Products;
			sourceTree = "<group>";
		};
		184DEED61D788814001E8685 /* UIWindow补充(了解) */ = {
			isa = PBXGroup;
			children = (
				184DEEDA1D788814001E8685 /* AppDelegate.h */,
				184DEEDB1D788814001E8685 /* AppDelegate.m */,
				184DEEDD1D788814001E8685 /* ViewController.h */,
				184DEEDE1D788814001E8685 /* ViewController.m */,
				184DEEE01D788814001E8685 /* Main.storyboard */,
				184DEEE31D788814001E8685 /* Assets.xcassets */,
				184DEEE51D788814001E8685 /* LaunchScreen.storyboard */,
				184DEEE81D788814001E8685 /* Info.plist */,
				184DEED71D788814001E8685 /* Supporting Files */,
			);
			path = "UIWindow补充(了解)";
			sourceTree = "<group>";
		};
		184DEED71D788814001E8685 /* Supporting Files */ = {
			isa = PBXGroup;
			children = (
				184DEED81D788814001E8685 /* main.m */,
			);
			name = "Supporting Files";
			sourceTree = "<group>";
		};
		184DEEF01D788814001E8685 /* UIWindow补充(了解)Tests */ = {
			isa = PBXGroup;
			children = (
				184DEEF11D788814001E8685 /* UIWindow______Tests.m */,
				184DEEF31D788814001E8685 /* Info.plist */,
			);
			path = "UIWindow补充(了解)Tests";
			sourceTree = "<group>";
		};
		184DEEFB1D788814001E8685 /* UIWindow补充(了解)UITests */ = {
			isa = PBXGroup;
			children = (
				184DEEFC1D788814001E8685 /* UIWindow______UITests.m */,
				184DEEFE1D788814001E8685 /* Info.plist */,
			);
			path = "UIWindow补充(了解)UITests";
			sourceTree = "<group>";
		};
/* End PBXGroup section */

/* Begin PBXNativeTarget section */
		184DEED31D788814001E8685 /* UIWindow补充(了解) */ = {
			isa = PBXNativeTarget;
			buildConfigurationList = 184DEF011D788814001E8685 /* Build configuration list for PBXNativeTarget "UIWindow补充(了解)" */;
			buildPhases = (
				184DEED01D788814001E8685 /* Sources */,
				184DEED11D788814001E8685 /* Frameworks */,
				184DEED21D788814001E8685 /* Resources */,
			);
			buildRules = (
			);
			dependencies = (
			);
			name = "UIWindow补充(了解)";
			productName = "UIWindow补充(了解)";
			productReference = 184DEED41D788814001E8685 /* UIWindow补充(了解).app */;
			productType = "com.apple.product-type.application";
		};
		184DEEEC1D788814001E8685 /* UIWindow补充(了解)Tests */ = {
			isa = PBXNativeTarget;
			buildConfigurationList = 184DEF041D788814001E8685 /* Build configuration list for PBXNativeTarget "UIWindow补充(了解)Tests" */;
			buildPhases = (
				184DEEE91D788814001E8685 /* Sources */,
				184DEEEA1D788814001E8685 /* Frameworks */,
				184DEEEB1D788814001E8685 /* Resources */,
			);
			buildRules = (
			);
			dependencies = (
				184DEEEF1D788814001E8685 /* PBXTargetDependency */,
			);
			name = "UIWindow补充(了解)Tests";
			productName = "UIWindow补充(了解)Tests";
			productReference = 184DEEED1D788814001E8685 /* UIWindow补充(了解)Tests.xctest */;
			productType = "com.apple.product-type.bundle.unit-test";
		};
		184DEEF71D788814001E8685 /* UIWindow补充(了解)UITests */ = {
			isa = PBXNativeTarget;
			buildConfigurationList = 184DEF071D788814001E8685 /* Build configuration list for PBXNativeTarget "UIWindow补充(了解)UITests" */;
			buildPhases = (
				184DEEF41D788814001E8685 /* Sources */,
				184DEEF51D788814001E8685 /* Frameworks */,
				184DEEF61D788814001E8685 /* Resources */,
			);
			buildRules = (
			);
			dependencies = (
				184DEEFA1D788814001E8685 /* PBXTargetDependency */,
			);
			name = "UIWindow补充(了解)UITests";
			productName = "UIWindow补充(了解)UITests";
			productReference = 184DEEF81D788814001E8685 /* UIWindow补充(了解)UITests.xctest */;
			productType = "com.apple.product-type.bundle.ui-testing";
		};
/* End PBXNativeTarget section */

/* Begin PBXProject section */
		184DEECC1D788814001E8685 /* Project object */ = {
			isa = PBXProject;
			attributes = {
				LastUpgradeCheck = 0710;
				ORGANIZATIONNAME = XinHuoYuan;
				TargetAttributes = {
					184DEED31D788814001E8685 = {
						CreatedOnToolsVersion = 7.1;
						DevelopmentTeam = 8C7AK9KPMW;
					};
					184DEEEC1D788814001E8685 = {
						CreatedOnToolsVersion = 7.1;
						DevelopmentTeam = 8C7AK9KPMW;
						TestTargetID = 184DEED31D788814001E8685;
					};
					184DEEF71D788814001E8685 = {
						CreatedOnToolsVersion = 7.1;
						DevelopmentTeam = 8C7AK9KPMW;
						TestTargetID = 184DEED31D788814001E8685;
					};
				};
			};
			buildConfigurationList = 184DEECF1D788814001E8685 /* Build configuration list for PBXProject "UIWindow补充(了解)" */;
			compatibilityVersion = "Xcode 3.2";
			developmentRegion = English;
			hasScannedForEncodings = 0;
			knownRegions = (
				en,
				Base,
			);
			mainGroup = 184DEECB1D788814001E8685;
			productRefGroup = 184DEED51D788814001E8685 /* Products */;
			projectDirPath = "";
			projectRoot = "";
			targets = (
				184DEED31D788814001E8685 /* UIWindow补充(了解) */,
				184DEEEC1D788814001E8685 /* UIWindow补充(了解)Tests */,
				184DEEF71D788814001E8685 /* UIWindow补充(了解)UITests */,
			);
		};
/* End PBXProject section */

/* Begin PBXResourcesBuildPhase section */
		184DEED21D788814001E8685 /* Resources */ = {
			isa = PBXResourcesBuildPhase;
			buildActionMask = 2147483647;
			files = (
				184DEEE71D788814001E8685 /* LaunchScreen.storyboard in Resources */,
				184DEEE41D788814001E8685 /* Assets.xcassets in Resources */,
				184DEEE21D788814001E8685 /* Main.storyboard in Resources */,
			);
			runOnlyForDeploymentPostprocessing = 0;
		};
		184DEEEB1D788814001E8685 /* Resources */ = {
			isa = PBXResourcesBuildPhase;
			buildActionMask = 2147483647;
			files = (
			);
			runOnlyForDeploymentPostprocessing = 0;
		};
		184DEEF61D788814001E8685 /* Resources */ = {
			isa = PBXResourcesBuildPhase;
			buildActionMask = 2147483647;
			files = (
			);
			runOnlyForDeploymentPostprocessing = 0;
		};
/* End PBXResourcesBuildPhase section */

/* Begin PBXSourcesBuildPhase section */
		184DEED01D788814001E8685 /* Sources */ = {
			isa = PBXSourcesBuildPhase;
			buildActionMask = 2147483647;
			files = (
				184DEEDF1D788814001E8685 /* ViewController.m in Sources */,
				184DEEDC1D788814001E8685 /* AppDelegate.m in Sources */,
				184DEED91D788814001E8685 /* main.m in Sources */,
			);
			runOnlyForDeploymentPostprocessing = 0;
		};
		184DEEE91D788814001E8685 /* Sources */ = {
			isa = PBXSourcesBuildPhase;
			buildActionMask = 2147483647;
			files = (
				184DEEF21D788814001E8685 /* UIWindow______Tests.m in Sources */,
			);
			runOnlyForDeploymentPostprocessing = 0;
		};
		184DEEF41D788814001E8685 /* Sources */ = {
			isa = PBXSourcesBuildPhase;
			buildActionMask = 2147483647;
			files = (
				184DEEFD1D788814001E8685 /* UIWindow______UITests.m in Sources */,
			);
			runOnlyForDeploymentPostprocessing = 0;
		};
/* End PBXSourcesBuildPhase section */

/* Begin PBXTargetDependency section */
		184DEEEF1D788814001E8685 /* PBXTargetDependency */ = {
			isa = PBXTargetDependency;
			target = 184DEED31D788814001E8685 /* UIWindow补充(了解) */;
			targetProxy = 184DEEEE1D788814001E8685 /* PBXContainerItemProxy */;
		};
		184DEEFA1D788814001E8685 /* PBXTargetDependency */ = {
			isa = PBXTargetDependency;
			target = 184DEED31D788814001E8685 /* UIWindow补充(了解) */;
			targetProxy = 184DEEF91D788814001E8685 /* PBXContainerItemProxy */;
		};
/* End PBXTargetDependency section */

/* Begin PBXVariantGroup section */
		184DEEE01D788814001E8685 /* Main.storyboard */ = {
			isa = PBXVariantGroup;
			children = (
				184DEEE11D788814001E8685 /* Base */,
			);
			name = Main.storyboard;
			sourceTree = "<group>";
		};
		184DEEE51D788814001E8685 /* LaunchScreen.storyboard */ = {
			isa = PBXVariantGroup;
			children = (
				184DEEE61D788814001E8685 /* Base */,
			);
			name = LaunchScreen.storyboard;
			sourceTree = "<group>";
		};
/* End PBXVariantGroup section */

/* Begin XCBuildConfiguration section */
		184DEEFF1D788814001E8685 /* Debug */ = {
			isa = XCBuildConfiguration;
			buildSettings = {
				ALWAYS_SEARCH_USER_PATHS = NO;
				CLANG_CXX_LANGUAGE_STANDARD = "gnu++0x";
				CLANG_CXX_LIBRARY = "libc++";
				CLANG_ENABLE_MODULES = YES;
				CLANG_ENABLE_OBJC_ARC = YES;
				CLANG_WARN_BOOL_CONVERSION = YES;
				CLANG_WARN_CONSTANT_CONVERSION = YES;
				CLANG_WARN_DIRECT_OBJC_ISA_USAGE = YES_ERROR;
				CLANG_WARN_EMPTY_BODY = YES;
				CLANG_WARN_ENUM_CONVERSION = YES;
				CLANG_WARN_INT_CONVERSION = YES;
				CLANG_WARN_OBJC_ROOT_CLASS = YES_ERROR;
				CLANG_WARN_UNREACHABLE_CODE = YES;
				CLANG_WARN__DUPLICATE_METHOD_MATCH = YES;
				"CODE_SIGN_IDENTITY[sdk=iphoneos*]" = "iPhone Developer";
				COPY_PHASE_STRIP = NO;
				DEBUG_INFORMATION_FORMAT = dwarf;
				ENABLE_STRICT_OBJC_MSGSEND = YES;
				ENABLE_TESTABILITY = YES;
				GCC_C_LANGUAGE_STANDARD = gnu99;
				GCC_DYNAMIC_NO_PIC = NO;
				GCC_NO_COMMON_BLOCKS = YES;
				GCC_OPTIMIZATION_LEVEL = 0;
				GCC_PREPROCESSOR_DEFINITIONS = (
					"DEBUG=1",
					"$(inherited)",
				);
				GCC_WARN_64_TO_32_BIT_CONVERSION = YES;
				GCC_WARN_ABOUT_RETURN_TYPE = YES_ERROR;
				GCC_WARN_UNDECLARED_SELECTOR = YES;
				GCC_WARN_UNINITIALIZED_AUTOS = YES_AGGRESSIVE;
				GCC_WARN_UNUSED_FUNCTION = YES;
				GCC_WARN_UNUSED_VARIABLE = YES;
				IPHONEOS_DEPLOYMENT_TARGET = 9.1;
				MTL_ENABLE_DEBUG_INFO = YES;
				ONLY_ACTIVE_ARCH = YES;
				SDKROOT = iphoneos;
			};
			name = Debug;
		};
		184DEF001D788814001E8685 /* Release */ = {
			isa = XCBuildConfiguration;
			buildSettings = {
				ALWAYS_SEARCH_USER_PATHS = NO;
				CLANG_CXX_LANGUAGE_STANDARD = "gnu++0x";
				CLANG_CXX_LIBRARY = "libc++";
				CLANG_ENABLE_MODULES = YES;
				CLANG_ENABLE_OBJC_ARC = YES;
				CLANG_WARN_BOOL_CONVERSION = YES;
				CLANG_WARN_CONSTANT_CONVERSION = YES;
				CLANG_WARN_DIRECT_OBJC_ISA_USAGE = YES_ERROR;
				CLANG_WARN_EMPTY_BODY = YES;
				CLANG_WARN_ENUM_CONVERSION = YES;
				CLANG_WARN_INT_CONVERSION = YES;
				CLANG_WARN_OBJC_ROOT_CLASS = YES_ERROR;
				CLANG_WARN_UNREACHABLE_CODE = YES;
				CLANG_WARN__DUPLICATE_METHOD_MATCH = YES;
				"CODE_SIGN_IDENTITY[sdk=iphoneos*]" = "iPhone Developer";
				COPY_PHASE_STRIP = NO;
				DEBUG_INFORMATION_FORMAT = "dwarf-with-dsym";
				ENABLE_NS_ASSERTIONS = NO;
				ENABLE_STRICT_OBJC_MSGSEND = YES;
				GCC_C_LANGUAGE_STANDARD = gnu99;
				GCC_NO_COMMON_BLOCKS = YES;
				GCC_WARN_64_TO_32_BIT_CONVERSION = YES;
				GCC_WARN_ABOUT_RETURN_TYPE = YES_ERROR;
				GCC_WARN_UNDECLARED_SELECTOR = YES;
				GCC_WARN_UNINITIALIZED_AUTOS = YES_AGGRESSIVE;
				GCC_WARN_UNUSED_FUNCTION = YES;
				GCC_WARN_UNUSED_VARIABLE = YES;
				IPHONEOS_DEPLOYMENT_TARGET = 9.1;
				MTL_ENABLE_DEBUG_INFO = NO;
				SDKROOT = iphoneos;
				VALIDATE_PRODUCT = YES;
			};
			name = Release;
		};
		184DEF021D788814001E8685 /* Debug */ = {
			isa = XCBuildConfiguration;
			buildSettings = {
				ASSETCATALOG_COMPILER_APPICON_NAME = AppIcon;
				INFOPLIST_FILE = "UIWindow补充(了解)/Info.plist";
				LD_RUNPATH_SEARCH_PATHS = "$(inherited) @executable_path/Frameworks";
				PRODUCT_BUNDLE_IDENTIFIER = "cn.XinHuoYuan.UIWindow------";
				PRODUCT_NAME = "$(TARGET_NAME)";
			};
			name = Debug;
		};
		184DEF031D788814001E8685 /* Release */ = {
			isa = XCBuildConfiguration;
			buildSettings = {
				ASSETCATALOG_COMPILER_APPICON_NAME = AppIcon;
				INFOPLIST_FILE = "UIWindow补充(了解)/Info.plist";
				LD_RUNPATH_SEARCH_PATHS = "$(inherited) @executable_path/Frameworks";
				PRODUCT_BUNDLE_IDENTIFIER = "cn.XinHuoYuan.UIWindow------";
				PRODUCT_NAME = "$(TARGET_NAME)";
			};
			name = Release;
		};
		184DEF051D788814001E8685 /* Debug */ = {
			isa = XCBuildConfiguration;
			buildSettings = {
				BUNDLE_LOADER = "$(TEST_HOST)";
				INFOPLIST_FILE = "UIWindow补充(了解)Tests/Info.plist";
				LD_RUNPATH_SEARCH_PATHS = "$(inherited) @executable_path/Frameworks @loader_path/Frameworks";
				PRODUCT_BUNDLE_IDENTIFIER = "cn.XinHuoYuan.UIWindow------Tests";
				PRODUCT_NAME = "$(TARGET_NAME)";
				TEST_HOST = "$(BUILT_PRODUCTS_DIR)/UIWindow补充(了解).app/UIWindow补充(了解)";
			};
			name = Debug;
		};
		184DEF061D788814001E8685 /* Release */ = {
			isa = XCBuildConfiguration;
			buildSettings = {
				BUNDLE_LOADER = "$(TEST_HOST)";
				INFOPLIST_FILE = "UIWindow补充(了解)Tests/Info.plist";
				LD_RUNPATH_SEARCH_PATHS = "$(inherited) @executable_path/Frameworks @loader_path/Frameworks";
				PRODUCT_BUNDLE_IDENTIFIER = "cn.XinHuoYuan.UIWindow------Tests";
				PRODUCT_NAME = "$(TARGET_NAME)";
				TEST_HOST = "$(BUILT_PRODUCTS_DIR)/UIWindow补充(了解).app/UIWindow补充(了解)";
			};
			name = Release;
		};
		184DEF081D788814001E8685 /* Debug */ = {
			isa = XCBuildConfiguration;
			buildSettings = {
				INFOPLIST_FILE = "UIWindow补充(了解)UITests/Info.plist";
				LD_RUNPATH_SEARCH_PATHS = "$(inherited) @executable_path/Frameworks @loader_path/Frameworks";
				PRODUCT_BUNDLE_IDENTIFIER = "cn.XinHuoYuan.UIWindow------UITests";
				PRODUCT_NAME = "$(TARGET_NAME)";
				TEST_TARGET_NAME = "UIWindow补充(了解)";
				USES_XCTRUNNER = YES;
			};
			name = Debug;
		};
		184DEF091D788814001E8685 /* Release */ = {
			isa = XCBuildConfiguration;
			buildSettings = {
				INFOPLIST_FILE = "UIWindow补充(了解)UITests/Info.plist";
				LD_RUNPATH_SEARCH_PATHS = "$(inherited) @executable_path/Frameworks @loader_path/Frameworks";
				PRODUCT_BUNDLE_IDENTIFIER = "cn.XinHuoYuan.UIWindow------UITests";
				PRODUCT_NAME = "$(TARGET_NAME)";
				TEST_TARGET_NAME = "UIWindow补充(了解)";
				USES_XCTRUNNER = YES;
			};
			name = Release;
		};
/* End XCBuildConfiguration section */

/* Begin XCConfigurationList section */
		184DEECF1D788814001E8685 /* Build configuration list for PBXProject "UIWindow补充(了解)" */ = {
			isa = XCConfigurationList;
			buildConfigurations = (
				184DEEFF1D788814001E8685 /* Debug */,
				184DEF001D788814001E8685 /* Release */,
			);
			defaultConfigurationIsVisible = 0;
			defaultConfigurationName = Release;
		};
		184DEF011D788814001E8685 /* Build configuration list for PBXNativeTarget "UIWindow补充(了解)" */ = {
			isa = XCConfigurationList;
			buildConfigurations = (
				184DEF021D788814001E8685 /* Debug */,
				184DEF031D788814001E8685 /* Release */,
			);
			defaultConfigurationIsVisible = 0;
		};
		184DEF041D788814001E8685 /* Build configuration list for PBXNativeTarget "UIWindow补充(了解)Tests" */ = {
			isa = XCConfigurationList;
			buildConfigurations = (
				184DEF051D788814001E8685 /* Debug */,
				184DEF061D788814001E8685 /* Release */,
			);
			defaultConfigurationIsVisible = 0;
		};
		184DEF071D788814001E8685 /* Build configuration list for PBXNativeTarget "UIWindow补充(了解)UITests" */ = {
			isa = XCConfigurationList;
			buildConfigurations = (
				184DEF081D788814001E8685 /* Debug */,
				184DEF091D788814001E8685 /* Release */,
			);
			defaultConfigurationIsVisible = 0;
		};
/* End XCConfigurationList section */
	};
	rootObject = 184DEECC1D788814001E8685 /* Project object */;
}
